
Microsoft Visual Studio Solution File, Format Version 12.00
# Visual Studio Version 16
VisualStudioVersion = 16.0.30523.141
MinimumVisualStudioVersion = 10.0.40219.1
Project("{FAE04EC0-301F-11D3-BF4B-00C04F79EFBC}") = "Hosu_Denisa_Proiect", "Hosu_Denisa_Proiect.csproj", "{F99E9BE3-81BC-4E6B-9E83-8A61C25E2DEA}"
EndProject
Project("{FAE04EC0-301F-11D3-BF4B-00C04F79EFBC}") = "GymModel1", "..\GymModel1\GymModel1.csproj", "{0CDE4FA9-4042-4D5E-B715-4A9B437A9F16}"
EndProject
Global
	GlobalSection(SolutionConfigurationPlatforms) = preSolution
		Debug|Any CPU = Debug|Any CPU
		Release|Any CPU = Release|Any CPU
	EndGlobalSection
	GlobalSection(ProjectConfigurationPlatforms) = postSolution
		{F99E9BE3-81BC-4E6B-9E83-8A61C25E2DEA}.Debug|Any CPU.ActiveCfg = Debug|Any CPU
		{F99E9BE3-81BC-4E6B-9E83-8A61C25E2DEA}.Debug|Any CPU.Build.0 = Debug|Any CPU
		{F99E9BE3-81BC-4E6B-9E83-8A61C25E2DEA}.Release|Any CPU.ActiveCfg = Release|Any CPU
		{F99E9BE3-81BC-4E6B-9E83-8A61C25E2DEA}.Release|Any CPU.Build.0 = Release|Any CPU
		{0CDE4FA9-4042-4D5E-B715-4A9B437A9F16}.Debug|Any CPU.ActiveCfg = Debug|Any CPU
		{0CDE4FA9-4042-4D5E-B715-4A9B437A9F16}.Debug|Any CPU.Build.0 = Debug|Any CPU
		{0CDE4FA9-4042-4D5E-B715-4A9B437A9F16}.Release|Any CPU.ActiveCfg = Release|Any CPU
		{0CDE4FA9-4042-4D5E-B715-4A9B437A9F16}.Release|Any CPU.Build.0 = Release|Any CPU
	EndGlobalSection
	GlobalSection(SolutionProperties) = preSolution
		HideSolutionNode = FALSE
	EndGlobalSection
	GlobalSection(ExtensibilityGlobals) = postSolution
		SolutionGuid = {ACF6F224-8CE6-44FD-BF8C-C847F88658F4}
	EndGlobalSection
EndGlobal
